// !$*UTF8*$!
{
	archiveVersion = 1;
	classes = {
	};
	objectVersion = 55;
	objects = {

/* Begin PBXBuildFile section */
		606E39FE2877045F004D2E83 /* AppDelegate.swift in Sources */ = {isa = PBXBuildFile; fileRef = 606E39FD2877045F004D2E83 /* AppDelegate.swift */; };
		606E3A002877045F004D2E83 /* SceneDelegate.swift in Sources */ = {isa = PBXBuildFile; fileRef = 606E39FF2877045F004D2E83 /* SceneDelegate.swift */; };
		606E3A022877045F004D2E83 /* ConversationsViewController.swift in Sources */ = {isa = PBXBuildFile; fileRef = 606E3A012877045F004D2E83 /* ConversationsViewController.swift */; };
		606E3A0528770460004D2E83 /* Main.storyboard in Resources */ = {isa = PBXBuildFile; fileRef = 606E3A032877045F004D2E83 /* Main.storyboard */; };
		606E3A0728770460004D2E83 /* Assets.xcassets in Resources */ = {isa = PBXBuildFile; fileRef = 606E3A0628770460004D2E83 /* Assets.xcassets */; };
		606E3A0A28770460004D2E83 /* LaunchScreen.storyboard in Resources */ = {isa = PBXBuildFile; fileRef = 606E3A0828770460004D2E83 /* LaunchScreen.storyboard */; };
		606E3A1528770460004D2E83 /* MessengerTests.swift in Sources */ = {isa = PBXBuildFile; fileRef = 606E3A1428770460004D2E83 /* MessengerTests.swift */; };
		606E3A1F28770460004D2E83 /* MessengerUITests.swift in Sources */ = {isa = PBXBuildFile; fileRef = 606E3A1E28770460004D2E83 /* MessengerUITests.swift */; };
		606E3A2128770460004D2E83 /* MessengerUITestsLaunchTests.swift in Sources */ = {isa = PBXBuildFile; fileRef = 606E3A2028770460004D2E83 /* MessengerUITestsLaunchTests.swift */; };
		606E3A34287707DE004D2E83 /* LoginViewController.swift in Sources */ = {isa = PBXBuildFile; fileRef = 606E3A33287707DE004D2E83 /* LoginViewController.swift */; };
		606E3A36287707F1004D2E83 /* RegisterViewController.swift in Sources */ = {isa = PBXBuildFile; fileRef = 606E3A35287707F1004D2E83 /* RegisterViewController.swift */; };
		606E3A3828770807004D2E83 /* PhotoViewerViewController.swift in Sources */ = {isa = PBXBuildFile; fileRef = 606E3A3728770807004D2E83 /* PhotoViewerViewController.swift */; };
		606E3A3A2877081B004D2E83 /* VideoPlayerViewController.swift in Sources */ = {isa = PBXBuildFile; fileRef = 606E3A392877081B004D2E83 /* VideoPlayerViewController.swift */; };
		606E3A3C2877082F004D2E83 /* NewConversationViewController.swift in Sources */ = {isa = PBXBuildFile; fileRef = 606E3A3B2877082F004D2E83 /* NewConversationViewController.swift */; };
		606E3A3E2877084B004D2E83 /* ProfileViewController.swift in Sources */ = {isa = PBXBuildFile; fileRef = 606E3A3D2877084B004D2E83 /* ProfileViewController.swift */; };
		606E3A4128771AB4004D2E83 /* Extensions.swift in Sources */ = {isa = PBXBuildFile; fileRef = 606E3A4028771AB4004D2E83 /* Extensions.swift */; };
/* End PBXBuildFile section */

/* Begin PBXContainerItemProxy section */
		606E3A1128770460004D2E83 /* PBXContainerItemProxy */ = {
			isa = PBXContainerItemProxy;
			containerPortal = 606E39F22877045F004D2E83 /* Project object */;
			proxyType = 1;
			remoteGlobalIDString = 606E39F92877045F004D2E83;
			remoteInfo = Messenger;
		};
		606E3A1B28770460004D2E83 /* PBXContainerItemProxy */ = {
			isa = PBXContainerItemProxy;
			containerPortal = 606E39F22877045F004D2E83 /* Project object */;
			proxyType = 1;
			remoteGlobalIDString = 606E39F92877045F004D2E83;
			remoteInfo = Messenger;
		};
/* End PBXContainerItemProxy section */

/* Begin PBXFileReference section */
		606E39FA2877045F004D2E83 /* Messenger.app */ = {isa = PBXFileReference; explicitFileType = wrapper.application; includeInIndex = 0; path = Messenger.app; sourceTree = BUILT_PRODUCTS_DIR; };
		606E39FD2877045F004D2E83 /* AppDelegate.swift */ = {isa = PBXFileReference; lastKnownFileType = sourcecode.swift; path = AppDelegate.swift; sourceTree = "<group>"; };
		606E39FF2877045F004D2E83 /* SceneDelegate.swift */ = {isa = PBXFileReference; lastKnownFileType = sourcecode.swift; path = SceneDelegate.swift; sourceTree = "<group>"; };
		606E3A012877045F004D2E83 /* ConversationsViewController.swift */ = {isa = PBXFileReference; lastKnownFileType = sourcecode.swift; path = ConversationsViewController.swift; sourceTree = "<group>"; };
		606E3A042877045F004D2E83 /* Base */ = {isa = PBXFileReference; lastKnownFileType = file.storyboard; name = Base; path = Base.lproj/Main.storyboard; sourceTree = "<group>"; };
		606E3A0628770460004D2E83 /* Assets.xcassets */ = {isa = PBXFileReference; lastKnownFileType = folder.assetcatalog; path = Assets.xcassets; sourceTree = "<group>"; };
		606E3A0928770460004D2E83 /* Base */ = {isa = PBXFileReference; lastKnownFileType = file.storyboard; name = Base; path = Base.lproj/LaunchScreen.storyboard; sourceTree = "<group>"; };
		606E3A0B28770460004D2E83 /* Info.plist */ = {isa = PBXFileReference; lastKnownFileType = text.plist.xml; path = Info.plist; sourceTree = "<group>"; };
		606E3A1028770460004D2E83 /* MessengerTests.xctest */ = {isa = PBXFileReference; explicitFileType = wrapper.cfbundle; includeInIndex = 0; path = MessengerTests.xctest; sourceTree = BUILT_PRODUCTS_DIR; };
		606E3A1428770460004D2E83 /* MessengerTests.swift */ = {isa = PBXFileReference; lastKnownFileType = sourcecode.swift; path = MessengerTests.swift; sourceTree = "<group>"; };
		606E3A1A28770460004D2E83 /* MessengerUITests.xctest */ = {isa = PBXFileReference; explicitFileType = wrapper.cfbundle; includeInIndex = 0; path = MessengerUITests.xctest; sourceTree = BUILT_PRODUCTS_DIR; };
		606E3A1E28770460004D2E83 /* MessengerUITests.swift */ = {isa = PBXFileReference; lastKnownFileType = sourcecode.swift; path = MessengerUITests.swift; sourceTree = "<group>"; };
		606E3A2028770460004D2E83 /* MessengerUITestsLaunchTests.swift */ = {isa = PBXFileReference; lastKnownFileType = sourcecode.swift; path = MessengerUITestsLaunchTests.swift; sourceTree = "<group>"; };
		606E3A33287707DE004D2E83 /* LoginViewController.swift */ = {isa = PBXFileReference; lastKnownFileType = sourcecode.swift; path = LoginViewController.swift; sourceTree = "<group>"; };
		606E3A35287707F1004D2E83 /* RegisterViewController.swift */ = {isa = PBXFileReference; lastKnownFileType = sourcecode.swift; path = RegisterViewController.swift; sourceTree = "<group>"; };
		606E3A3728770807004D2E83 /* PhotoViewerViewController.swift */ = {isa = PBXFileReference; lastKnownFileType = sourcecode.swift; path = PhotoViewerViewController.swift; sourceTree = "<group>"; };
		606E3A392877081B004D2E83 /* VideoPlayerViewController.swift */ = {isa = PBXFileReference; lastKnownFileType = sourcecode.swift; path = VideoPlayerViewController.swift; sourceTree = "<group>"; };
		606E3A3B2877082F004D2E83 /* NewConversationViewController.swift */ = {isa = PBXFileReference; lastKnownFileType = sourcecode.swift; path = NewConversationViewController.swift; sourceTree = "<group>"; };
		606E3A3D2877084B004D2E83 /* ProfileViewController.swift */ = {isa = PBXFileReference; lastKnownFileType = sourcecode.swift; path = ProfileViewController.swift; sourceTree = "<group>"; };
		606E3A4028771AB4004D2E83 /* Extensions.swift */ = {isa = PBXFileReference; lastKnownFileType = sourcecode.swift; path = Extensions.swift; sourceTree = "<group>"; };
/* End PBXFileReference section */

/* Begin PBXFrameworksBuildPhase section */
		606E39F72877045F004D2E83 /* Frameworks */ = {
			isa = PBXFrameworksBuildPhase;
			buildActionMask = 2147483647;
			files = (
			);
			runOnlyForDeploymentPostprocessing = 0;
		};
		606E3A0D28770460004D2E83 /* Frameworks */ = {
			isa = PBXFrameworksBuildPhase;
			buildActionMask = 2147483647;
			files = (
			);
			runOnlyForDeploymentPostprocessing = 0;
		};
		606E3A1728770460004D2E83 /* Frameworks */ = {
			isa = PBXFrameworksBuildPhase;
			buildActionMask = 2147483647;
			files = (
			);
			runOnlyForDeploymentPostprocessing = 0;
		};
/* End PBXFrameworksBuildPhase section */

/* Begin PBXGroup section */
		606E39F12877045F004D2E83 = {
			isa = PBXGroup;
			children = (
				606E39FC2877045F004D2E83 /* Messenger */,
				606E3A1328770460004D2E83 /* MessengerTests */,
				606E3A1D28770460004D2E83 /* MessengerUITests */,
				606E39FB2877045F004D2E83 /* Products */,
			);
			sourceTree = "<group>";
		};
		606E39FB2877045F004D2E83 /* Products */ = {
			isa = PBXGroup;
			children = (
				606E39FA2877045F004D2E83 /* Messenger.app */,
				606E3A1028770460004D2E83 /* MessengerTests.xctest */,
				606E3A1A28770460004D2E83 /* MessengerUITests.xctest */,
			);
			name = Products;
			sourceTree = "<group>";
		};
		606E39FC2877045F004D2E83 /* Messenger */ = {
			isa = PBXGroup;
			children = (
				606E3A31287705E6004D2E83 /* Resources */,
				606E3A30287705DF004D2E83 /* ViewModels */,
				606E3A2F287705DA004D2E83 /* View */,
				606E3A2E287705D4004D2E83 /* Models */,
				606E3A2D287705C4004D2E83 /* Controllers */,
				606E3A0B28770460004D2E83 /* Info.plist */,
			);
			path = Messenger;
			sourceTree = "<group>";
		};
		606E3A1328770460004D2E83 /* MessengerTests */ = {
			isa = PBXGroup;
			children = (
				606E3A1428770460004D2E83 /* MessengerTests.swift */,
			);
			path = MessengerTests;
			sourceTree = "<group>";
		};
		606E3A1D28770460004D2E83 /* MessengerUITests */ = {
			isa = PBXGroup;
			children = (
				606E3A1E28770460004D2E83 /* MessengerUITests.swift */,
				606E3A2028770460004D2E83 /* MessengerUITestsLaunchTests.swift */,
			);
			path = MessengerUITests;
			sourceTree = "<group>";
		};
		606E3A2D287705C4004D2E83 /* Controllers */ = {
			isa = PBXGroup;
			children = (
				606E3A3F28771321004D2E83 /* Login */,
				606E3A012877045F004D2E83 /* ConversationsViewController.swift */,
				606E3A3728770807004D2E83 /* PhotoViewerViewController.swift */,
				606E3A392877081B004D2E83 /* VideoPlayerViewController.swift */,
				606E3A3B2877082F004D2E83 /* NewConversationViewController.swift */,
				606E3A3D2877084B004D2E83 /* ProfileViewController.swift */,
			);
			path = Controllers;
			sourceTree = "<group>";
		};
		606E3A2E287705D4004D2E83 /* Models */ = {
			isa = PBXGroup;
			children = (
			);
			path = Models;
			sourceTree = "<group>";
		};
		606E3A2F287705DA004D2E83 /* View */ = {
			isa = PBXGroup;
			children = (
				606E3A3228770616004D2E83 /* StoryBoards */,
				606E3A0628770460004D2E83 /* Assets.xcassets */,
			);
			path = View;
			sourceTree = "<group>";
		};
		606E3A30287705DF004D2E83 /* ViewModels */ = {
			isa = PBXGroup;
			children = (
			);
			path = ViewModels;
			sourceTree = "<group>";
		};
		606E3A31287705E6004D2E83 /* Resources */ = {
			isa = PBXGroup;
			children = (
				606E39FD2877045F004D2E83 /* AppDelegate.swift */,
				606E39FF2877045F004D2E83 /* SceneDelegate.swift */,
				606E3A4028771AB4004D2E83 /* Extensions.swift */,
			);
			path = Resources;
			sourceTree = "<group>";
		};
		606E3A3228770616004D2E83 /* StoryBoards */ = {
			isa = PBXGroup;
			children = (
				606E3A032877045F004D2E83 /* Main.storyboard */,
				606E3A0828770460004D2E83 /* LaunchScreen.storyboard */,
			);
			path = StoryBoards;
			sourceTree = "<group>";
		};
		606E3A3F28771321004D2E83 /* Login */ = {
			isa = PBXGroup;
			children = (
				606E3A35287707F1004D2E83 /* RegisterViewController.swift */,
				606E3A33287707DE004D2E83 /* LoginViewController.swift */,
			);
			path = Login;
			sourceTree = "<group>";
		};
/* End PBXGroup section */

/* Begin PBXNativeTarget section */
		606E39F92877045F004D2E83 /* Messenger */ = {
			isa = PBXNativeTarget;
			buildConfigurationList = 606E3A2428770460004D2E83 /* Build configuration list for PBXNativeTarget "Messenger" */;
			buildPhases = (
				606E39F62877045F004D2E83 /* Sources */,
				606E39F72877045F004D2E83 /* Frameworks */,
				606E39F82877045F004D2E83 /* Resources */,
			);
			buildRules = (
			);
			dependencies = (
			);
			name = Messenger;
			productName = Messenger;
			productReference = 606E39FA2877045F004D2E83 /* Messenger.app */;
			productType = "com.apple.product-type.application";
		};
		606E3A0F28770460004D2E83 /* MessengerTests */ = {
			isa = PBXNativeTarget;
			buildConfigurationList = 606E3A2728770460004D2E83 /* Build configuration list for PBXNativeTarget "MessengerTests" */;
			buildPhases = (
				606E3A0C28770460004D2E83 /* Sources */,
				606E3A0D28770460004D2E83 /* Frameworks */,
				606E3A0E28770460004D2E83 /* Resources */,
			);
			buildRules = (
			);
			dependencies = (
				606E3A1228770460004D2E83 /* PBXTargetDependency */,
			);
			name = MessengerTests;
			productName = MessengerTests;
			productReference = 606E3A1028770460004D2E83 /* MessengerTests.xctest */;
			productType = "com.apple.product-type.bundle.unit-test";
		};
		606E3A1928770460004D2E83 /* MessengerUITests */ = {
			isa = PBXNativeTarget;
			buildConfigurationList = 606E3A2A28770460004D2E83 /* Build configuration list for PBXNativeTarget "MessengerUITests" */;
			buildPhases = (
				606E3A1628770460004D2E83 /* Sources */,
				606E3A1728770460004D2E83 /* Frameworks */,
				606E3A1828770460004D2E83 /* Resources */,
			);
			buildRules = (
			);
			dependencies = (
				606E3A1C28770460004D2E83 /* PBXTargetDependency */,
			);
			name = MessengerUITests;
			productName = MessengerUITests;
			productReference = 606E3A1A28770460004D2E83 /* MessengerUITests.xctest */;
			productType = "com.apple.product-type.bundle.ui-testing";
		};
/* End PBXNativeTarget section */

/* Begin PBXProject section */
		606E39F22877045F004D2E83 /* Project object */ = {
			isa = PBXProject;
			attributes = {
				BuildIndependentTargetsInParallel = 1;
				LastSwiftUpdateCheck = 1340;
				LastUpgradeCheck = 1340;
				TargetAttributes = {
					606E39F92877045F004D2E83 = {
						CreatedOnToolsVersion = 13.4.1;
					};
					606E3A0F28770460004D2E83 = {
						CreatedOnToolsVersion = 13.4.1;
						TestTargetID = 606E39F92877045F004D2E83;
					};
					606E3A1928770460004D2E83 = {
						CreatedOnToolsVersion = 13.4.1;
						TestTargetID = 606E39F92877045F004D2E83;
					};
				};
			};
			buildConfigurationList = 606E39F52877045F004D2E83 /* Build configuration list for PBXProject "Messenger" */;
			compatibilityVersion = "Xcode 13.0";
			developmentRegion = en;
			hasScannedForEncodings = 0;
			knownRegions = (
				en,
				Base,
			);
			mainGroup = 606E39F12877045F004D2E83;
			productRefGroup = 606E39FB2877045F004D2E83 /* Products */;
			projectDirPath = "";
			projectRoot = "";
			targets = (
				606E39F92877045F004D2E83 /* Messenger */,
				606E3A0F28770460004D2E83 /* MessengerTests */,
				606E3A1928770460004D2E83 /* MessengerUITests */,
			);
		};
/* End PBXProject section */

/* Begin PBXResourcesBuildPhase section */
		606E39F82877045F004D2E83 /* Resources */ = {
			isa = PBXResourcesBuildPhase;
			buildActionMask = 2147483647;
			files = (
				606E3A0A28770460004D2E83 /* LaunchScreen.storyboard in Resources */,
				606E3A0728770460004D2E83 /* Assets.xcassets in Resources */,
				606E3A0528770460004D2E83 /* Main.storyboard in Resources */,
			);
			runOnlyForDeploymentPostprocessing = 0;
		};
		606E3A0E28770460004D2E83 /* Resources */ = {
			isa = PBXResourcesBuildPhase;
			buildActionMask = 2147483647;
			files = (
			);
			runOnlyForDeploymentPostprocessing = 0;
		};
		606E3A1828770460004D2E83 /* Resources */ = {
			isa = PBXResourcesBuildPhase;
			buildActionMask = 2147483647;
			files = (
			);
			runOnlyForDeploymentPostprocessing = 0;
		};
/* End PBXResourcesBuildPhase section */

/* Begin PBXSourcesBuildPhase section */
		606E39F62877045F004D2E83 /* Sources */ = {
			isa = PBXSourcesBuildPhase;
			buildActionMask = 2147483647;
			files = (
				606E3A34287707DE004D2E83 /* LoginViewController.swift in Sources */,
				606E3A36287707F1004D2E83 /* RegisterViewController.swift in Sources */,
				606E3A3C2877082F004D2E83 /* NewConversationViewController.swift in Sources */,
				606E3A022877045F004D2E83 /* ConversationsViewController.swift in Sources */,
				606E3A3A2877081B004D2E83 /* VideoPlayerViewController.swift in Sources */,
				606E3A4128771AB4004D2E83 /* Extensions.swift in Sources */,
				606E39FE2877045F004D2E83 /* AppDelegate.swift in Sources */,
				606E3A3E2877084B004D2E83 /* ProfileViewController.swift in Sources */,
				606E3A002877045F004D2E83 /* SceneDelegate.swift in Sources */,
				606E3A3828770807004D2E83 /* PhotoViewerViewController.swift in Sources */,
			);
			runOnlyForDeploymentPostprocessing = 0;
		};
		606E3A0C28770460004D2E83 /* Sources */ = {
			isa = PBXSourcesBuildPhase;
			buildActionMask = 2147483647;
			files = (
				606E3A1528770460004D2E83 /* MessengerTests.swift in Sources */,
			);
			runOnlyForDeploymentPostprocessing = 0;
		};
		606E3A1628770460004D2E83 /* Sources */ = {
			isa = PBXSourcesBuildPhase;
			buildActionMask = 2147483647;
			files = (
				606E3A2128770460004D2E83 /* MessengerUITestsLaunchTests.swift in Sources */,
				606E3A1F28770460004D2E83 /* MessengerUITests.swift in Sources */,
			);
			runOnlyForDeploymentPostprocessing = 0;
		};
/* End PBXSourcesBuildPhase section */

/* Begin PBXTargetDependency section */
		606E3A1228770460004D2E83 /* PBXTargetDependency */ = {
			isa = PBXTargetDependency;
			target = 606E39F92877045F004D2E83 /* Messenger */;
			targetProxy = 606E3A1128770460004D2E83 /* PBXContainerItemProxy */;
		};
		606E3A1C28770460004D2E83 /* PBXTargetDependency */ = {
			isa = PBXTargetDependency;
			target = 606E39F92877045F004D2E83 /* Messenger */;
			targetProxy = 606E3A1B28770460004D2E83 /* PBXContainerItemProxy */;
		};
/* End PBXTargetDependency section */

/* Begin PBXVariantGroup section */
		606E3A032877045F004D2E83 /* Main.storyboard */ = {
			isa = PBXVariantGroup;
			children = (
				606E3A042877045F004D2E83 /* Base */,
			);
			name = Main.storyboard;
			sourceTree = "<group>";
		};
		606E3A0828770460004D2E83 /* LaunchScreen.storyboard */ = {
			isa = PBXVariantGroup;
			children = (
				606E3A0928770460004D2E83 /* Base */,
			);
			name = LaunchScreen.storyboard;
			sourceTree = "<group>";
		};
/* End PBXVariantGroup section */

/* Begin XCBuildConfiguration section */
		606E3A2228770460004D2E83 /* Debug */ = {
			isa = XCBuildConfiguration;
			buildSettings = {
				ALWAYS_SEARCH_USER_PATHS = NO;
				CLANG_ANALYZER_NONNULL = YES;
				CLANG_ANALYZER_NUMBER_OBJECT_CONVERSION = YES_AGGRESSIVE;
				CLANG_CXX_LANGUAGE_STANDARD = "gnu++17";
				CLANG_ENABLE_MODULES = YES;
				CLANG_ENABLE_OBJC_ARC = YES;
				CLANG_ENABLE_OBJC_WEAK = YES;
				CLANG_WARN_BLOCK_CAPTURE_AUTORELEASING = YES;
				CLANG_WARN_BOOL_CONVERSION = YES;
				CLANG_WARN_COMMA = YES;
				CLANG_WARN_CONSTANT_CONVERSION = YES;
				CLANG_WARN_DEPRECATED_OBJC_IMPLEMENTATIONS = YES;
				CLANG_WARN_DIRECT_OBJC_ISA_USAGE = YES_ERROR;
				CLANG_WARN_DOCUMENTATION_COMMENTS = YES;
				CLANG_WARN_EMPTY_BODY = YES;
				CLANG_WARN_ENUM_CONVERSION = YES;
				CLANG_WARN_INFINITE_RECURSION = YES;
				CLANG_WARN_INT_CONVERSION = YES;
				CLANG_WARN_NON_LITERAL_NULL_CONVERSION = YES;
				CLANG_WARN_OBJC_IMPLICIT_RETAIN_SELF = YES;
				CLANG_WARN_OBJC_LITERAL_CONVERSION = YES;
				CLANG_WARN_OBJC_ROOT_CLASS = YES_ERROR;
				CLANG_WARN_QUOTED_INCLUDE_IN_FRAMEWORK_HEADER = YES;
				CLANG_WARN_RANGE_LOOP_ANALYSIS = YES;
				CLANG_WARN_STRICT_PROTOTYPES = YES;
				CLANG_WARN_SUSPICIOUS_MOVE = YES;
				CLANG_WARN_UNGUARDED_AVAILABILITY = YES_AGGRESSIVE;
				CLANG_WARN_UNREACHABLE_CODE = YES;
				CLANG_WARN__DUPLICATE_METHOD_MATCH = YES;
				COPY_PHASE_STRIP = NO;
				DEBUG_INFORMATION_FORMAT = dwarf;
				ENABLE_STRICT_OBJC_MSGSEND = YES;
				ENABLE_TESTABILITY = YES;
				GCC_C_LANGUAGE_STANDARD = gnu11;
				GCC_DYNAMIC_NO_PIC = NO;
				GCC_NO_COMMON_BLOCKS = YES;
				GCC_OPTIMIZATION_LEVEL = 0;
				GCC_PREPROCESSOR_DEFINITIONS = (
					"DEBUG=1",
					"$(inherited)",
				);
				GCC_WARN_64_TO_32_BIT_CONVERSION = YES;
				GCC_WARN_ABOUT_RETURN_TYPE = YES_ERROR;
				GCC_WARN_UNDECLARED_SELECTOR = YES;
				GCC_WARN_UNINITIALIZED_AUTOS = YES_AGGRESSIVE;
				GCC_WARN_UNUSED_FUNCTION = YES;
				GCC_WARN_UNUSED_VARIABLE = YES;
				IPHONEOS_DEPLOYMENT_TARGET = 15.5;
				MTL_ENABLE_DEBUG_INFO = INCLUDE_SOURCE;
				MTL_FAST_MATH = YES;
				ONLY_ACTIVE_ARCH = YES;
				SDKROOT = iphoneos;
				SWIFT_ACTIVE_COMPILATION_CONDITIONS = DEBUG;
				SWIFT_OPTIMIZATION_LEVEL = "-Onone";
			};
			name = Debug;
		};
		606E3A2328770460004D2E83 /* Release */ = {
			isa = XCBuildConfiguration;
			buildSettings = {
				ALWAYS_SEARCH_USER_PATHS = NO;
				CLANG_ANALYZER_NONNULL = YES;
				CLANG_ANALYZER_NUMBER_OBJECT_CONVERSION = YES_AGGRESSIVE;
				CLANG_CXX_LANGUAGE_STANDARD = "gnu++17";
				CLANG_ENABLE_MODULES = YES;
				CLANG_ENABLE_OBJC_ARC = YES;
				CLANG_ENABLE_OBJC_WEAK = YES;
				CLANG_WARN_BLOCK_CAPTURE_AUTORELEASING = YES;
				CLANG_WARN_BOOL_CONVERSION = YES;
				CLANG_WARN_COMMA = YES;
				CLANG_WARN_CONSTANT_CONVERSION = YES;
				CLANG_WARN_DEPRECATED_OBJC_IMPLEMENTATIONS = YES;
				CLANG_WARN_DIRECT_OBJC_ISA_USAGE = YES_ERROR;
				CLANG_WARN_DOCUMENTATION_COMMENTS = YES;
				CLANG_WARN_EMPTY_BODY = YES;
				CLANG_WARN_ENUM_CONVERSION = YES;
				CLANG_WARN_INFINITE_RECURSION = YES;
				CLANG_WARN_INT_CONVERSION = YES;
				CLANG_WARN_NON_LITERAL_NULL_CONVERSION = YES;
				CLANG_WARN_OBJC_IMPLICIT_RETAIN_SELF = YES;
				CLANG_WARN_OBJC_LITERAL_CONVERSION = YES;
				CLANG_WARN_OBJC_ROOT_CLASS = YES_ERROR;
				CLANG_WARN_QUOTED_INCLUDE_IN_FRAMEWORK_HEADER = YES;
				CLANG_WARN_RANGE_LOOP_ANALYSIS = YES;
				CLANG_WARN_STRICT_PROTOTYPES = YES;
				CLANG_WARN_SUSPICIOUS_MOVE = YES;
				CLANG_WARN_UNGUARDED_AVAILABILITY = YES_AGGRESSIVE;
				CLANG_WARN_UNREACHABLE_CODE = YES;
				CLANG_WARN__DUPLICATE_METHOD_MATCH = YES;
				COPY_PHASE_STRIP = NO;
				DEBUG_INFORMATION_FORMAT = "dwarf-with-dsym";
				ENABLE_NS_ASSERTIONS = NO;
				ENABLE_STRICT_OBJC_MSGSEND = YES;
				GCC_C_LANGUAGE_STANDARD = gnu11;
				GCC_NO_COMMON_BLOCKS = YES;
				GCC_WARN_64_TO_32_BIT_CONVERSION = YES;
				GCC_WARN_ABOUT_RETURN_TYPE = YES_ERROR;
				GCC_WARN_UNDECLARED_SELECTOR = YES;
				GCC_WARN_UNINITIALIZED_AUTOS = YES_AGGRESSIVE;
				GCC_WARN_UNUSED_FUNCTION = YES;
				GCC_WARN_UNUSED_VARIABLE = YES;
				IPHONEOS_DEPLOYMENT_TARGET = 15.5;
				MTL_ENABLE_DEBUG_INFO = NO;
				MTL_FAST_MATH = YES;
				SDKROOT = iphoneos;
				SWIFT_COMPILATION_MODE = wholemodule;
				SWIFT_OPTIMIZATION_LEVEL = "-O";
				VALIDATE_PRODUCT = YES;
			};
			name = Release;
		};
		606E3A2528770460004D2E83 /* Debug */ = {
			isa = XCBuildConfiguration;
			buildSettings = {
				ASSETCATALOG_COMPILER_APPICON_NAME = AppIcon;
				ASSETCATALOG_COMPILER_GLOBAL_ACCENT_COLOR_NAME = AccentColor;
				CODE_SIGN_STYLE = Automatic;
				CURRENT_PROJECT_VERSION = 1;
				GENERATE_INFOPLIST_FILE = YES;
				INFOPLIST_FILE = Messenger/Info.plist;
				INFOPLIST_KEY_UIApplicationSupportsIndirectInputEvents = YES;
				INFOPLIST_KEY_UILaunchStoryboardName = LaunchScreen;
				INFOPLIST_KEY_UIMainStoryboardFile = Main;
				INFOPLIST_KEY_UISupportedInterfaceOrientations_iPad = "UIInterfaceOrientationPortrait UIInterfaceOrientationPortraitUpsideDown UIInterfaceOrientationLandscapeLeft UIInterfaceOrientationLandscapeRight";
				INFOPLIST_KEY_UISupportedInterfaceOrientations_iPhone = "UIInterfaceOrientationPortrait UIInterfaceOrientationLandscapeLeft UIInterfaceOrientationLandscapeRight";
				LD_RUNPATH_SEARCH_PATHS = (
					"$(inherited)",
					"@executable_path/Frameworks",
				);
				MARKETING_VERSION = 1.0;
				PRODUCT_BUNDLE_IDENTIFIER = com.dev.Messenger;
				PRODUCT_NAME = "$(TARGET_NAME)";
				SWIFT_EMIT_LOC_STRINGS = YES;
				SWIFT_VERSION = 5.0;
				TARGETED_DEVICE_FAMILY = "1,2";
			};
			name = Debug;
		};
		606E3A2628770460004D2E83 /* Release */ = {
			isa = XCBuildConfiguration;
			buildSettings = {
				ASSETCATALOG_COMPILER_APPICON_NAME = AppIcon;
				ASSETCATALOG_COMPILER_GLOBAL_ACCENT_COLOR_NAME = AccentColor;
				CODE_SIGN_STYLE = Automatic;
				CURRENT_PROJECT_VERSION = 1;
				GENERATE_INFOPLIST_FILE = YES;
				INFOPLIST_FILE = Messenger/Info.plist;
				INFOPLIST_KEY_UIApplicationSupportsIndirectInputEvents = YES;
				INFOPLIST_KEY_UILaunchStoryboardName = LaunchScreen;
				INFOPLIST_KEY_UIMainStoryboardFile = Main;
				INFOPLIST_KEY_UISupportedInterfaceOrientations_iPad = "UIInterfaceOrientationPortrait UIInterfaceOrientationPortraitUpsideDown UIInterfaceOrientationLandscapeLeft UIInterfaceOrientationLandscapeRight";
				INFOPLIST_KEY_UISupportedInterfaceOrientations_iPhone = "UIInterfaceOrientationPortrait UIInterfaceOrientationLandscapeLeft UIInterfaceOrientationLandscapeRight";
				LD_RUNPATH_SEARCH_PATHS = (
					"$(inherited)",
					"@executable_path/Frameworks",
				);
				MARKETING_VERSION = 1.0;
				PRODUCT_BUNDLE_IDENTIFIER = com.dev.Messenger;
				PRODUCT_NAME = "$(TARGET_NAME)";
				SWIFT_EMIT_LOC_STRINGS = YES;
				SWIFT_VERSION = 5.0;
				TARGETED_DEVICE_FAMILY = "1,2";
			};
			name = Release;
		};
		606E3A2828770460004D2E83 /* Debug */ = {
			isa = XCBuildConfiguration;
			buildSettings = {
				ALWAYS_EMBED_SWIFT_STANDARD_LIBRARIES = YES;
				BUNDLE_LOADER = "$(TEST_HOST)";
				CODE_SIGN_STYLE = Automatic;
				CURRENT_PROJECT_VERSION = 1;
				GENERATE_INFOPLIST_FILE = YES;
				IPHONEOS_DEPLOYMENT_TARGET = 15.5;
				MARKETING_VERSION = 1.0;
				PRODUCT_BUNDLE_IDENTIFIER = com.dev.MessengerTests;
				PRODUCT_NAME = "$(TARGET_NAME)";
				SWIFT_EMIT_LOC_STRINGS = NO;
				SWIFT_VERSION = 5.0;
				TARGETED_DEVICE_FAMILY = "1,2";
				TEST_HOST = "$(BUILT_PRODUCTS_DIR)/Messenger.app/Messenger";
			};
			name = Debug;
		};
		606E3A2928770460004D2E83 /* Release */ = {
			isa = XCBuildConfiguration;
			buildSettings = {
				ALWAYS_EMBED_SWIFT_STANDARD_LIBRARIES = YES;
				BUNDLE_LOADER = "$(TEST_HOST)";
				CODE_SIGN_STYLE = Automatic;
				CURRENT_PROJECT_VERSION = 1;
				GENERATE_INFOPLIST_FILE = YES;
				IPHONEOS_DEPLOYMENT_TARGET = 15.5;
				MARKETING_VERSION = 1.0;
				PRODUCT_BUNDLE_IDENTIFIER = com.dev.MessengerTests;
				PRODUCT_NAME = "$(TARGET_NAME)";
				SWIFT_EMIT_LOC_STRINGS = NO;
				SWIFT_VERSION = 5.0;
				TARGETED_DEVICE_FAMILY = "1,2";
				TEST_HOST = "$(BUILT_PRODUCTS_DIR)/Messenger.app/Messenger";
			};
			name = Release;
		};
		606E3A2B28770460004D2E83 /* Debug */ = {
			isa = XCBuildConfiguration;
			buildSettings = {
				ALWAYS_EMBED_SWIFT_STANDARD_LIBRARIES = YES;
				CODE_SIGN_STYLE = Automatic;
				CURRENT_PROJECT_VERSION = 1;
				GENERATE_INFOPLIST_FILE = YES;
				MARKETING_VERSION = 1.0;
				PRODUCT_BUNDLE_IDENTIFIER = com.dev.MessengerUITests;
				PRODUCT_NAME = "$(TARGET_NAME)";
				SWIFT_EMIT_LOC_STRINGS = NO;
				SWIFT_VERSION = 5.0;
				TARGETED_DEVICE_FAMILY = "1,2";
				TEST_TARGET_NAME = Messenger;
			};
			name = Debug;
		};
		606E3A2C28770460004D2E83 /* Release */ = {
			isa = XCBuildConfiguration;
			buildSettings = {
				ALWAYS_EMBED_SWIFT_STANDARD_LIBRARIES = YES;
				CODE_SIGN_STYLE = Automatic;
				CURRENT_PROJECT_VERSION = 1;
				GENERATE_INFOPLIST_FILE = YES;
				MARKETING_VERSION = 1.0;
				PRODUCT_BUNDLE_IDENTIFIER = com.dev.MessengerUITests;
				PRODUCT_NAME = "$(TARGET_NAME)";
				SWIFT_EMIT_LOC_STRINGS = NO;
				SWIFT_VERSION = 5.0;
				TARGETED_DEVICE_FAMILY = "1,2";
				TEST_TARGET_NAME = Messenger;
			};
			name = Release;
		};
/* End XCBuildConfiguration section */

/* Begin XCConfigurationList section */
		606E39F52877045F004D2E83 /* Build configuration list for PBXProject "Messenger" */ = {
			isa = XCConfigurationList;
			buildConfigurations = (
				606E3A2228770460004D2E83 /* Debug */,
				606E3A2328770460004D2E83 /* Release */,
			);
			defaultConfigurationIsVisible = 0;
			defaultConfigurationName = Release;
		};
		606E3A2428770460004D2E83 /* Build configuration list for PBXNativeTarget "Messenger" */ = {
			isa = XCConfigurationList;
			buildConfigurations = (
				606E3A2528770460004D2E83 /* Debug */,
				606E3A2628770460004D2E83 /* Release */,
			);
			defaultConfigurationIsVisible = 0;
			defaultConfigurationName = Release;
		};
		606E3A2728770460004D2E83 /* Build configuration list for PBXNativeTarget "MessengerTests" */ = {
			isa = XCConfigurationList;
			buildConfigurations = (
				606E3A2828770460004D2E83 /* Debug */,
				606E3A2928770460004D2E83 /* Release */,
			);
			defaultConfigurationIsVisible = 0;
			defaultConfigurationName = Release;
		};
		606E3A2A28770460004D2E83 /* Build configuration list for PBXNativeTarget "MessengerUITests" */ = {
			isa = XCConfigurationList;
			buildConfigurations = (
				606E3A2B28770460004D2E83 /* Debug */,
				606E3A2C28770460004D2E83 /* Release */,
			);
			defaultConfigurationIsVisible = 0;
			defaultConfigurationName = Release;
		};
/* End XCConfigurationList section */
	};
	rootObject = 606E39F22877045F004D2E83 /* Project object */;
}
